
Microsoft Visual Studio Solution File, Format Version 12.00
# Visual Studio 15
VisualStudioVersion = 15.0.28307.902
MinimumVisualStudioVersion = 10.0.40219.1
Project("{FAE04EC0-301F-11D3-BF4B-00C04F79EFBC}") = "OdeToFood.Web", "OdeToFood.Web\OdeToFood.Web.csproj", "{DA3A278A-0DAB-441E-9665-BA7ED72876FB}"
EndProject
Project("{FAE04EC0-301F-11D3-BF4B-00C04F79EFBC}") = "OdeToFood.Data", "OdeToFood.Data\OdeToFood.Data.csproj", "{284DC87C-44CD-4432-8D7B-D9D32D3CA0DC}"
EndProject
Global
	GlobalSection(SolutionConfigurationPlatforms) = preSolution
		Debug|Any CPU = Debug|Any CPU
		Release|Any CPU = Release|Any CPU
	EndGlobalSection
	GlobalSection(ProjectConfigurationPlatforms) = postSolution
		{DA3A278A-0DAB-441E-9665-BA7ED72876FB}.Debug|Any CPU.ActiveCfg = Debug|Any CPU
		{DA3A278A-0DAB-441E-9665-BA7ED72876FB}.Debug|Any CPU.Build.0 = Debug|Any CPU
		{DA3A278A-0DAB-441E-9665-BA7ED72876FB}.Release|Any CPU.ActiveCfg = Release|Any CPU
		{DA3A278A-0DAB-441E-9665-BA7ED72876FB}.Release|Any CPU.Build.0 = Release|Any CPU
		{284DC87C-44CD-4432-8D7B-D9D32D3CA0DC}.Debug|Any CPU.ActiveCfg = Debug|Any CPU
		{284DC87C-44CD-4432-8D7B-D9D32D3CA0DC}.Debug|Any CPU.Build.0 = Debug|Any CPU
		{284DC87C-44CD-4432-8D7B-D9D32D3CA0DC}.Release|Any CPU.ActiveCfg = Release|Any CPU
		{284DC87C-44CD-4432-8D7B-D9D32D3CA0DC}.Release|Any CPU.Build.0 = Release|Any CPU
	EndGlobalSection
	GlobalSection(SolutionProperties) = preSolution
		HideSolutionNode = FALSE
	EndGlobalSection
	GlobalSection(ExtensibilityGlobals) = postSolution
		SolutionGuid = {31D2F190-3EF7-48B4-AE30-AA7C01ACA36E}
	EndGlobalSection
EndGlobal
